Microsoft Visual Studio Solution File, Format Version 12.00
# Visual Studio Version 17
VisualStudioVersion = 17.0.31903.59
MinimumVisualStudioVersion = 10.0.40219.1
Project("{9A19103F-16F7-4668-BE54-9A1E7A4F7556}") = "RepairShop.Api", "src\RepairShop.Api\RepairShop.Api.csproj", "{CBBD09A8-C4F3-42F7-822B-CFC7293C2807}"
EndProject
Project("{9A19103F-16F7-4668-BE54-9A1E7A4F7556}") = "RepairShop.Application", "src\RepairShop.Application\RepairShop.Application.csproj", "{F7B774E3-C9FE-4763-8E2D-82FB6D8555AF}"
EndProject
Project("{9A19103F-16F7-4668-BE54-9A1E7A4F7556}") = "RepairShop.Domain", "src\RepairShop.Domain\RepairShop.Domain.csproj", "{EF379382-48B6-407F-9D68-CBB043284FF7}"
EndProject
Project("{9A19103F-16F7-4668-BE54-9A1E7A4F7556}") = "RepairShop.Infrastructure", "src\RepairShop.Infrastructure\RepairShop.Infrastructure.csproj", "{BC3EE643-7A3A-4898-B9BA-D45351F0189F}"
EndProject
Project("{9A19103F-16F7-4668-BE54-9A1E7A4F7556}") = "RepairShop.Domain.Tests", "tests\RepairShop.Domain.Tests\RepairShop.Domain.Tests.csproj", "{C701C778-A180-4275-B29F-D357BB2E30FA}"
EndProject
Project("{9A19103F-16F7-4668-BE54-9A1E7A4F7556}") = "RepairShop.Application.Tests", "tests\RepairShop.Application.Tests\RepairShop.Application.Tests.csproj", "{F198CC01-088C-4D12-830F-45BFE308DB7B}"
EndProject
Global
	GlobalSection(SolutionConfigurationPlatforms) = preSolution
		Debug|Any CPU = Debug|Any CPU
		Release|Any CPU = Release|Any CPU
	EndGlobalSection
	GlobalSection(ProjectConfigurationPlatforms) = postSolution
		{CBBD09A8-C4F3-42F7-822B-CFC7293C2807}.Debug|Any CPU.ActiveCfg = Debug|Any CPU
		{CBBD09A8-C4F3-42F7-822B-CFC7293C2807}.Debug|Any CPU.Build.0 = Debug|Any CPU
		{CBBD09A8-C4F3-42F7-822B-CFC7293C2807}.Release|Any CPU.ActiveCfg = Release|Any CPU
		{CBBD09A8-C4F3-42F7-822B-CFC7293C2807}.Release|Any CPU.Build.0 = Release|Any CPU

		{F7B774E3-C9FE-4763-8E2D-82FB6D8555AF}.Debug|Any CPU.ActiveCfg = Debug|Any CPU
		{F7B774E3-C9FE-4763-8E2D-82FB6D8555AF}.Debug|Any CPU.Build.0 = Debug|Any CPU
		{F7B774E3-C9FE-4763-8E2D-82FB6D8555AF}.Release|Any CPU.ActiveCfg = Release|Any CPU
		{F7B774E3-C9FE-4763-8E2D-82FB6D8555AF}.Release|Any CPU.Build.0 = Release|Any CPU

		{EF379382-48B6-407F-9D68-CBB043284FF7}.Debug|Any CPU.ActiveCfg = Debug|Any CPU
		{EF379382-48B6-407F-9D68-CBB043284FF7}.Debug|Any CPU.Build.0 = Debug|Any CPU
		{EF379382-48B6-407F-9D68-CBB043284FF7}.Release|Any CPU.ActiveCfg = Release|Any CPU
		{EF379382-48B6-407F-9D68-CBB043284FF7}.Release|Any CPU.Build.0 = Release|Any CPU

		{BC3EE643-7A3A-4898-B9BA-D45351F0189F}.Debug|Any CPU.ActiveCfg = Debug|Any CPU
		{BC3EE643-7A3A-4898-B9BA-D45351F0189F}.Debug|Any CPU.Build.0 = Debug|Any CPU
		{BC3EE643-7A3A-4898-B9BA-D45351F0189F}.Release|Any CPU.ActiveCfg = Release|Any CPU
		{BC3EE643-7A3A-4898-B9BA-D45351F0189F}.Release|Any CPU.Build.0 = Release|Any CPU

		{C701C778-A180-4275-B29F-D357BB2E30FA}.Debug|Any CPU.ActiveCfg = Debug|Any CPU
		{C701C778-A180-4275-B29F-D357BB2E30FA}.Debug|Any CPU.Build.0 = Debug|Any CPU
		{C701C778-A180-4275-B29F-D357BB2E30FA}.Release|Any CPU.ActiveCfg = Release|Any CPU
		{C701C778-A180-4275-B29F-D357BB2E30FA}.Release|Any CPU.Build.0 = Release|Any CPU

		{F198CC01-088C-4D12-830F-45BFE308DB7B}.Debug|Any CPU.ActiveCfg = Debug|Any CPU
		{F198CC01-088C-4D12-830F-45BFE308DB7B}.Debug|Any CPU.Build.0 = Debug|Any CPU
		{F198CC01-088C-4D12-830F-45BFE308DB7B}.Release|Any CPU.ActiveCfg = Release|Any CPU
		{F198CC01-088C-4D12-830F-45BFE308DB7B}.Release|Any CPU.Build.0 = Release|Any CPU
	EndGlobalSection
	GlobalSection(SolutionProperties) = preSolution
		HideSolutionNode = FALSE
	EndGlobalSection
EndGlobal
